
Microsoft Visual Studio Solution File, Format Version 12.00
# Visual Studio 14
VisualStudioVersion = 14.0.22823.1
MinimumVisualStudioVersion = 10.0.40219.1
Project("{FAE04EC0-301F-11D3-BF4B-00C04F79EFBC}") = "JPB.DataAccess", "JPB.DataAccess.csproj", "{46E06D7F-F55A-4B10-978D-13607BE17CB9}"
EndProject
Project("{2150E333-8FDC-42A3-9474-1A3956D46DE8}") = "Strategys", "Strategys", "{3CCB4445-528B-4954-A37E-494193585819}"
EndProject
Project("{FAE04EC0-301F-11D3-BF4B-00C04F79EFBC}") = "JPB.DataAccess.EntityCreator", "..\JPB.DataAccess.EntryCreator\JPB.DataAccess.EntityCreator.csproj", "{3AD5D28E-DB61-47F4-9425-AADBBB338C1B}"
EndProject
Project("{2150E333-8FDC-42A3-9474-1A3956D46DE8}") = "Solution Items", "Solution Items", "{B060FA66-7882-40E5-8995-EBBA9366F401}"
	ProjectSection(SolutionItems) = preProject
		Performance1.psess = Performance1.psess
	EndProjectSection
EndProject
Project("{FAE04EC0-301F-11D3-BF4B-00C04F79EFBC}") = "JPB.DataAccess.MySql", "..\JPB.DataAccess.MySql\JPB.DataAccess.MySql.csproj", "{3AA3990D-FFA4-4EE5-82BE-E30970FFD0FA}"
EndProject
Project("{2150E333-8FDC-42A3-9474-1A3956D46DE8}") = "Tests", "Tests", "{456F719E-2DB1-4D01-82E8-01E4175492B6}"
EndProject
Project("{FAE04EC0-301F-11D3-BF4B-00C04F79EFBC}") = "JPB.DataAccess.UnitTests", "..\JPB.DataAccess.UnitTests\JPB.DataAccess.UnitTests.csproj", "{C64AC65F-5C91-4128-98DF-0D4FCD62AD8D}"
EndProject
Global
	GlobalSection(SolutionConfigurationPlatforms) = preSolution
		Debug|Any CPU = Debug|Any CPU
		ExternalRelease|Any CPU = ExternalRelease|Any CPU
		Release|Any CPU = Release|Any CPU
	EndGlobalSection
	GlobalSection(ProjectConfigurationPlatforms) = postSolution
		{46E06D7F-F55A-4B10-978D-13607BE17CB9}.Debug|Any CPU.ActiveCfg = Debug|Any CPU
		{46E06D7F-F55A-4B10-978D-13607BE17CB9}.Debug|Any CPU.Build.0 = Debug|Any CPU
		{46E06D7F-F55A-4B10-978D-13607BE17CB9}.ExternalRelease|Any CPU.ActiveCfg = ExternalRelease|Any CPU
		{46E06D7F-F55A-4B10-978D-13607BE17CB9}.ExternalRelease|Any CPU.Build.0 = ExternalRelease|Any CPU
		{46E06D7F-F55A-4B10-978D-13607BE17CB9}.Release|Any CPU.ActiveCfg = Release|Any CPU
		{46E06D7F-F55A-4B10-978D-13607BE17CB9}.Release|Any CPU.Build.0 = Release|Any CPU
		{3AD5D28E-DB61-47F4-9425-AADBBB338C1B}.Debug|Any CPU.ActiveCfg = Debug|Any CPU
		{3AD5D28E-DB61-47F4-9425-AADBBB338C1B}.Debug|Any CPU.Build.0 = Debug|Any CPU
		{3AD5D28E-DB61-47F4-9425-AADBBB338C1B}.ExternalRelease|Any CPU.ActiveCfg = Release|Any CPU
		{3AD5D28E-DB61-47F4-9425-AADBBB338C1B}.ExternalRelease|Any CPU.Build.0 = Release|Any CPU
		{3AD5D28E-DB61-47F4-9425-AADBBB338C1B}.Release|Any CPU.ActiveCfg = Release|Any CPU
		{3AD5D28E-DB61-47F4-9425-AADBBB338C1B}.Release|Any CPU.Build.0 = Release|Any CPU
		{3AA3990D-FFA4-4EE5-82BE-E30970FFD0FA}.Debug|Any CPU.ActiveCfg = Debug|Any CPU
		{3AA3990D-FFA4-4EE5-82BE-E30970FFD0FA}.Debug|Any CPU.Build.0 = Debug|Any CPU
		{3AA3990D-FFA4-4EE5-82BE-E30970FFD0FA}.ExternalRelease|Any CPU.ActiveCfg = Release|Any CPU
		{3AA3990D-FFA4-4EE5-82BE-E30970FFD0FA}.ExternalRelease|Any CPU.Build.0 = Release|Any CPU
		{3AA3990D-FFA4-4EE5-82BE-E30970FFD0FA}.Release|Any CPU.ActiveCfg = Release|Any CPU
		{3AA3990D-FFA4-4EE5-82BE-E30970FFD0FA}.Release|Any CPU.Build.0 = Release|Any CPU
		{C64AC65F-5C91-4128-98DF-0D4FCD62AD8D}.Debug|Any CPU.ActiveCfg = Debug|Any CPU
		{C64AC65F-5C91-4128-98DF-0D4FCD62AD8D}.Debug|Any CPU.Build.0 = Debug|Any CPU
		{C64AC65F-5C91-4128-98DF-0D4FCD62AD8D}.ExternalRelease|Any CPU.ActiveCfg = Release|Any CPU
		{C64AC65F-5C91-4128-98DF-0D4FCD62AD8D}.ExternalRelease|Any CPU.Build.0 = Release|Any CPU
		{C64AC65F-5C91-4128-98DF-0D4FCD62AD8D}.Release|Any CPU.ActiveCfg = Release|Any CPU
		{C64AC65F-5C91-4128-98DF-0D4FCD62AD8D}.Release|Any CPU.Build.0 = Release|Any CPU
	EndGlobalSection
	GlobalSection(SolutionProperties) = preSolution
		HideSolutionNode = FALSE
	EndGlobalSection
	GlobalSection(NestedProjects) = preSolution
		{3AA3990D-FFA4-4EE5-82BE-E30970FFD0FA} = {3CCB4445-528B-4954-A37E-494193585819}
		{C64AC65F-5C91-4128-98DF-0D4FCD62AD8D} = {456F719E-2DB1-4D01-82E8-01E4175492B6}
	EndGlobalSection
	GlobalSection(SubversionScc) = preSolution
		Svn-Managed = True
		Manager = AnkhSVN - Subversion Support for Visual Studio
	EndGlobalSection
EndGlobal
